// !$*UTF8*$!
{
	archiveVersion = 1;
	classes = {
	};
	objectVersion = 46;
	objects = {

/* Begin PBXBuildFile section */
		2CF73729142CD30300B87A49 /* main.cpp in Sources */ = {isa = PBXBuildFile; fileRef = 2CF73728142CD30300B87A49 /* main.cpp */; };
		2CF7372B142CD30300B87A49 /* Laig_proj1.1 in CopyFiles */ = {isa = PBXBuildFile; fileRef = 2CF7372A142CD30300B87A49 /* Laig_proj1.1 */; };
/* End PBXBuildFile section */

/* Begin PBXCopyFilesBuildPhase section */
		2CF73722142CD30300B87A49 /* CopyFiles */ = {
			isa = PBXCopyFilesBuildPhase;
			buildActionMask = 2147483647;
			dstPath = /usr/share/man/man1/;
			dstSubfolderSpec = 0;
			files = (
				2CF7372B142CD30300B87A49 /* Laig_proj1.1 in CopyFiles */,
			);
			runOnlyForDeploymentPostprocessing = 1;
		};
/* End PBXCopyFilesBuildPhase section */

/* Begin PBXFileReference section */
		2CF73724142CD30300B87A49 /* Laig_proj1 */ = {isa = PBXFileReference; explicitFileType = "compiled.mach-o.executable"; includeInIndex = 0; path = Laig_proj1; sourceTree = BUILT_PRODUCTS_DIR; };
		2CF73728142CD30300B87A49 /* main.cpp */ = {isa = PBXFileReference; lastKnownFileType = sourcecode.cpp.cpp; path = main.cpp; sourceTree = "<group>"; };
		2CF7372A142CD30300B87A49 /* Laig_proj1.1 */ = {isa = PBXFileReference; lastKnownFileType = text.man; path = Laig_proj1.1; sourceTree = "<group>"; };
/* End PBXFileReference section */

/* Begin PBXFrameworksBuildPhase section */
		2CF73721142CD30300B87A49 /* Frameworks */ = {
			isa = PBXFrameworksBuildPhase;
			buildActionMask = 2147483647;
			files = (
			);
			runOnlyForDeploymentPostprocessing = 0;
		};
/* End PBXFrameworksBuildPhase section */

/* Begin PBXGroup section */
		2CF73719142CD30300B87A49 = {
			isa = PBXGroup;
			children = (
				2CF73727142CD30300B87A49 /* Laig_proj1 */,
				2CF73725142CD30300B87A49 /* Products */,
			);
			sourceTree = "<group>";
		};
		2CF73725142CD30300B87A49 /* Products */ = {
			isa = PBXGroup;
			children = (
				2CF73724142CD30300B87A49 /* Laig_proj1 */,
			);
			name = Products;
			sourceTree = "<group>";
		};
		2CF73727142CD30300B87A49 /* Laig_proj1 */ = {
			isa = PBXGroup;
			children = (
				2CF73728142CD30300B87A49 /* main.cpp */,
				2CF7372A142CD30300B87A49 /* Laig_proj1.1 */,
			);
			path = Laig_proj1;
			sourceTree = "<group>";
		};
/* End PBXGroup section */

/* Begin PBXNativeTarget section */
		2CF73723142CD30300B87A49 /* Laig_proj1 */ = {
			isa = PBXNativeTarget;
			buildConfigurationList = 2CF7372E142CD30300B87A49 /* Build configuration list for PBXNativeTarget "Laig_proj1" */;
			buildPhases = (
				2CF73720142CD30300B87A49 /* Sources */,
				2CF73721142CD30300B87A49 /* Frameworks */,
				2CF73722142CD30300B87A49 /* CopyFiles */,
			);
			buildRules = (
			);
			dependencies = (
			);
			name = Laig_proj1;
			productName = Laig_proj1;
			productReference = 2CF73724142CD30300B87A49 /* Laig_proj1 */;
			productType = "com.apple.product-type.tool";
		};
/* End PBXNativeTarget section */

/* Begin PBXProject section */
		2CF7371B142CD30300B87A49 /* Project object */ = {
			isa = PBXProject;
			buildConfigurationList = 2CF7371E142CD30300B87A49 /* Build configuration list for PBXProject "Laig_proj1" */;
			compatibilityVersion = "Xcode 3.2";
			developmentRegion = English;
			hasScannedForEncodings = 0;
			knownRegions = (
				en,
			);
			mainGroup = 2CF73719142CD30300B87A49;
			productRefGroup = 2CF73725142CD30300B87A49 /* Products */;
			projectDirPath = "";
			projectRoot = "";
			targets = (
				2CF73723142CD30300B87A49 /* Laig_proj1 */,
			);
		};
/* End PBXProject section */

/* Begin PBXSourcesBuildPhase section */
		2CF73720142CD30300B87A49 /* Sources */ = {
			isa = PBXSourcesBuildPhase;
			buildActionMask = 2147483647;
			files = (
				2CF73729142CD30300B87A49 /* main.cpp in Sources */,
			);
			runOnlyForDeploymentPostprocessing = 0;
		};
/* End PBXSourcesBuildPhase section */

/* Begin XCBuildConfiguration section */
		2CF7372C142CD30300B87A49 /* Debug */ = {
			isa = XCBuildConfiguration;
			buildSettings = {
				ALWAYS_SEARCH_USER_PATHS = NO;
				ARCHS = "$(ARCHS_STANDARD_64_BIT)";
				COPY_PHASE_STRIP = NO;
				GCC_C_LANGUAGE_STANDARD = gnu99;
				GCC_DYNAMIC_NO_PIC = NO;
				GCC_ENABLE_OBJC_EXCEPTIONS = YES;
				GCC_OPTIMIZATION_LEVEL = 0;
				GCC_PREPROCESSOR_DEFINITIONS = (
					"DEBUG=1",
					"$(inherited)",
				);
				GCC_SYMBOLS_PRIVATE_EXTERN = NO;
				GCC_VERSION = com.apple.compilers.llvm.clang.1_0;
				GCC_WARN_64_TO_32_BIT_CONVERSION = YES;
				GCC_WARN_ABOUT_MISSING_PROTOTYPES = YES;
				GCC_WARN_ABOUT_RETURN_TYPE = YES;
				GCC_WARN_UNUSED_VARIABLE = YES;
				MACOSX_DEPLOYMENT_TARGET = 10.7;
				ONLY_ACTIVE_ARCH = YES;
				SDKROOT = macosx;
			};
			name = Debug;
		};
		2CF7372D142CD30300B87A49 /* Release */ = {
			isa = XCBuildConfiguration;
			buildSettings = {
				ALWAYS_SEARCH_USER_PATHS = NO;
				ARCHS = "$(ARCHS_STANDARD_64_BIT)";
				COPY_PHASE_STRIP = YES;
				DEBUG_INFORMATION_FORMAT = "dwarf-with-dsym";
				GCC_C_LANGUAGE_STANDARD = gnu99;
				GCC_ENABLE_OBJC_EXCEPTIONS = YES;
				GCC_VERSION = com.apple.compilers.llvm.clang.1_0;
				GCC_WARN_64_TO_32_BIT_CONVERSION = YES;
				GCC_WARN_ABOUT_MISSING_PROTOTYPES = YES;
				GCC_WARN_ABOUT_RETURN_TYPE = YES;
				GCC_WARN_UNUSED_VARIABLE = YES;
				MACOSX_DEPLOYMENT_TARGET = 10.7;
				SDKROOT = macosx;
			};
			name = Release;
		};
		2CF7372F142CD30300B87A49 /* Debug */ = {
			isa = XCBuildConfiguration;
			buildSettings = {
				PRODUCT_NAME = "$(TARGET_NAME)";
			};
			name = Debug;
		};
		2CF73730142CD30300B87A49 /* Release */ = {
			isa = XCBuildConfiguration;
			buildSettings = {
				PRODUCT_NAME = "$(TARGET_NAME)";
			};
			name = Release;
		};
/* End XCBuildConfiguration section */

/* Begin XCConfigurationList section */
		2CF7371E142CD30300B87A49 /* Build configuration list for PBXProject "Laig_proj1" */ = {
			isa = XCConfigurationList;
			buildConfigurations = (
				2CF7372C142CD30300B87A49 /* Debug */,
				2CF7372D142CD30300B87A49 /* Release */,
			);
			defaultConfigurationIsVisible = 0;
			defaultConfigurationName = Release;
		};
		2CF7372E142CD30300B87A49 /* Build configuration list for PBXNativeTarget "Laig_proj1" */ = {
			isa = XCConfigurationList;
			buildConfigurations = (
				2CF7372F142CD30300B87A49 /* Debug */,
				2CF73730142CD30300B87A49 /* Release */,
			);
			defaultConfigurationIsVisible = 0;
		};
/* End XCConfigurationList section */
	};
	rootObject = 2CF7371B142CD30300B87A49 /* Project object */;
}
